
Microsoft Visual Studio Solution File, Format Version 12.00
# Visual Studio Version 16
VisualStudioVersion = 16.0.28809.33
MinimumVisualStudioVersion = 10.0.40219.1
Project("{FAE04EC0-301F-11D3-BF4B-00C04F79EFBC}") = "BuckarooSdk", "BuckarooSdk\BuckarooSdk.csproj", "{CB68F005-23BC-42B0-8D90-787F97E9E646}"
EndProject
Project("{2150E333-8FDC-42A3-9474-1A3956D46DE8}") = "Solution Items", "Solution Items", "{6F0BFC81-9AA4-45C6-8635-EC9B5FE50DA0}"
	ProjectSection(SolutionItems) = preProject
		.gitattributes = .gitattributes
		.gitignore = .gitignore
	EndProjectSection
EndProject
Project("{FAE04EC0-301F-11D3-BF4B-00C04F79EFBC}") = "BuckarooSdk.Tests", "BuckarooSdk.Tests\BuckarooSdk.Tests.csproj", "{0B26C093-CE7B-410F-BCCF-7A0FC5D5BEB9}"
EndProject
Global
	GlobalSection(SolutionConfigurationPlatforms) = preSolution
		Debug|Any CPU = Debug|Any CPU
		NET40|Any CPU = NET40|Any CPU
		NET45|Any CPU = NET45|Any CPU
		Release|Any CPU = Release|Any CPU
	EndGlobalSection
	GlobalSection(ProjectConfigurationPlatforms) = postSolution
		{CB68F005-23BC-42B0-8D90-787F97E9E646}.Debug|Any CPU.ActiveCfg = Debug|Any CPU
		{CB68F005-23BC-42B0-8D90-787F97E9E646}.Debug|Any CPU.Build.0 = Debug|Any CPU
		{CB68F005-23BC-42B0-8D90-787F97E9E646}.NET40|Any CPU.ActiveCfg = Release|Any CPU
		{CB68F005-23BC-42B0-8D90-787F97E9E646}.NET40|Any CPU.Build.0 = Release|Any CPU
		{CB68F005-23BC-42B0-8D90-787F97E9E646}.NET45|Any CPU.ActiveCfg = Release|Any CPU
		{CB68F005-23BC-42B0-8D90-787F97E9E646}.NET45|Any CPU.Build.0 = Release|Any CPU
		{CB68F005-23BC-42B0-8D90-787F97E9E646}.Release|Any CPU.ActiveCfg = Release|Any CPU
		{CB68F005-23BC-42B0-8D90-787F97E9E646}.Release|Any CPU.Build.0 = Release|Any CPU
		{0B26C093-CE7B-410F-BCCF-7A0FC5D5BEB9}.Debug|Any CPU.ActiveCfg = Debug|Any CPU
		{0B26C093-CE7B-410F-BCCF-7A0FC5D5BEB9}.Debug|Any CPU.Build.0 = Debug|Any CPU
		{0B26C093-CE7B-410F-BCCF-7A0FC5D5BEB9}.NET40|Any CPU.ActiveCfg = NET40|Any CPU
		{0B26C093-CE7B-410F-BCCF-7A0FC5D5BEB9}.NET40|Any CPU.Build.0 = NET40|Any CPU
		{0B26C093-CE7B-410F-BCCF-7A0FC5D5BEB9}.NET45|Any CPU.ActiveCfg = NET45|Any CPU
		{0B26C093-CE7B-410F-BCCF-7A0FC5D5BEB9}.NET45|Any CPU.Build.0 = NET45|Any CPU
		{0B26C093-CE7B-410F-BCCF-7A0FC5D5BEB9}.Release|Any CPU.ActiveCfg = Release|Any CPU
		{0B26C093-CE7B-410F-BCCF-7A0FC5D5BEB9}.Release|Any CPU.Build.0 = Release|Any CPU
	EndGlobalSection
	GlobalSection(SolutionProperties) = preSolution
		HideSolutionNode = FALSE
	EndGlobalSection
	GlobalSection(ExtensibilityGlobals) = postSolution
		SolutionGuid = {2453A8F1-D994-48B9-A018-064B164BB5D0}
	EndGlobalSection
EndGlobal
